
Microsoft Visual Studio Solution File, Format Version 12.00
# Visual Studio Version 16
VisualStudioVersion = 16.0.32510.428
MinimumVisualStudioVersion = 10.0.40219.1
Project("{FAE04EC0-301F-11D3-BF4B-00C04F79EFBC}") = "WienerAPP2", "WienerAPP2\WienerAPP2.csproj", "{01F23177-685A-4618-8642-095711C651A3}"
EndProject
Global
	GlobalSection(SolutionConfigurationPlatforms) = preSolution
		Debug|Any CPU = Debug|Any CPU
		Release|Any CPU = Release|Any CPU
	EndGlobalSection
	GlobalSection(ProjectConfigurationPlatforms) = postSolution
		{01F23177-685A-4618-8642-095711C651A3}.Debug|Any CPU.ActiveCfg = Debug|Any CPU
		{01F23177-685A-4618-8642-095711C651A3}.Debug|Any CPU.Build.0 = Debug|Any CPU
		{01F23177-685A-4618-8642-095711C651A3}.Release|Any CPU.ActiveCfg = Release|Any CPU
		{01F23177-685A-4618-8642-095711C651A3}.Release|Any CPU.Build.0 = Release|Any CPU
	EndGlobalSection
	GlobalSection(SolutionProperties) = preSolution
		HideSolutionNode = FALSE
	EndGlobalSection
	GlobalSection(ExtensibilityGlobals) = postSolution
		SolutionGuid = {B52DE286-10A6-4C04-B0E8-407B419CA398}
	EndGlobalSection
EndGlobal
